
Microsoft Visual Studio Solution File, Format Version 12.00
# Visual Studio Version 16
VisualStudioVersion = 16.0.29806.167
MinimumVisualStudioVersion = 10.0.40219.1
Project("{FAE04EC0-301F-11D3-BF4B-00C04F79EFBC}") = "CalculatorN.Android", "CalculatorN\CalculatorN.Android\CalculatorN.Android.csproj", "{F53113EB-41E7-4A05-A3F5-92B427880D69}"
EndProject
Project("{FAE04EC0-301F-11D3-BF4B-00C04F79EFBC}") = "CalculatorN.iOS", "CalculatorN\CalculatorN.iOS\CalculatorN.iOS.csproj", "{57224E27-E176-4F0B-A407-2F1B52C47D0C}"
EndProject
Project("{FAE04EC0-301F-11D3-BF4B-00C04F79EFBC}") = "CalculatorN", "CalculatorN\CalculatorN\CalculatorN.csproj", "{B33426B0-F61F-4871-AA61-E60BEDF2F1D8}"
EndProject
Global
	GlobalSection(SolutionConfigurationPlatforms) = preSolution
		Debug|Any CPU = Debug|Any CPU
		Debug|iPhone = Debug|iPhone
		Debug|iPhoneSimulator = Debug|iPhoneSimulator
		Release|Any CPU = Release|Any CPU
		Release|iPhone = Release|iPhone
		Release|iPhoneSimulator = Release|iPhoneSimulator
	EndGlobalSection
	GlobalSection(ProjectConfigurationPlatforms) = postSolution
		{F53113EB-41E7-4A05-A3F5-92B427880D69}.Debug|Any CPU.ActiveCfg = Debug|Any CPU
		{F53113EB-41E7-4A05-A3F5-92B427880D69}.Debug|Any CPU.Build.0 = Debug|Any CPU
		{F53113EB-41E7-4A05-A3F5-92B427880D69}.Debug|Any CPU.Deploy.0 = Debug|Any CPU
		{F53113EB-41E7-4A05-A3F5-92B427880D69}.Debug|iPhone.ActiveCfg = Debug|Any CPU
		{F53113EB-41E7-4A05-A3F5-92B427880D69}.Debug|iPhone.Build.0 = Debug|Any CPU
		{F53113EB-41E7-4A05-A3F5-92B427880D69}.Debug|iPhone.Deploy.0 = Debug|Any CPU
		{F53113EB-41E7-4A05-A3F5-92B427880D69}.Debug|iPhoneSimulator.ActiveCfg = Debug|Any CPU
		{F53113EB-41E7-4A05-A3F5-92B427880D69}.Debug|iPhoneSimulator.Build.0 = Debug|Any CPU
		{F53113EB-41E7-4A05-A3F5-92B427880D69}.Debug|iPhoneSimulator.Deploy.0 = Debug|Any CPU
		{F53113EB-41E7-4A05-A3F5-92B427880D69}.Release|Any CPU.ActiveCfg = Release|Any CPU
		{F53113EB-41E7-4A05-A3F5-92B427880D69}.Release|Any CPU.Build.0 = Release|Any CPU
		{F53113EB-41E7-4A05-A3F5-92B427880D69}.Release|Any CPU.Deploy.0 = Release|Any CPU
		{F53113EB-41E7-4A05-A3F5-92B427880D69}.Release|iPhone.ActiveCfg = Release|Any CPU
		{F53113EB-41E7-4A05-A3F5-92B427880D69}.Release|iPhone.Build.0 = Release|Any CPU
		{F53113EB-41E7-4A05-A3F5-92B427880D69}.Release|iPhone.Deploy.0 = Release|Any CPU
		{F53113EB-41E7-4A05-A3F5-92B427880D69}.Release|iPhoneSimulator.ActiveCfg = Release|Any CPU
		{F53113EB-41E7-4A05-A3F5-92B427880D69}.Release|iPhoneSimulator.Build.0 = Release|Any CPU
		{F53113EB-41E7-4A05-A3F5-92B427880D69}.Release|iPhoneSimulator.Deploy.0 = Release|Any CPU
		{57224E27-E176-4F0B-A407-2F1B52C47D0C}.Debug|Any CPU.ActiveCfg = Debug|iPhoneSimulator
		{57224E27-E176-4F0B-A407-2F1B52C47D0C}.Debug|Any CPU.Build.0 = Debug|iPhoneSimulator
		{57224E27-E176-4F0B-A407-2F1B52C47D0C}.Debug|Any CPU.Deploy.0 = Debug|iPhoneSimulator
		{57224E27-E176-4F0B-A407-2F1B52C47D0C}.Debug|iPhone.ActiveCfg = Debug|iPhone
		{57224E27-E176-4F0B-A407-2F1B52C47D0C}.Debug|iPhone.Build.0 = Debug|iPhone
		{57224E27-E176-4F0B-A407-2F1B52C47D0C}.Debug|iPhone.Deploy.0 = Debug|iPhone
		{57224E27-E176-4F0B-A407-2F1B52C47D0C}.Debug|iPhoneSimulator.ActiveCfg = Debug|iPhoneSimulator
		{57224E27-E176-4F0B-A407-2F1B52C47D0C}.Debug|iPhoneSimulator.Build.0 = Debug|iPhoneSimulator
		{57224E27-E176-4F0B-A407-2F1B52C47D0C}.Debug|iPhoneSimulator.Deploy.0 = Debug|iPhoneSimulator
		{57224E27-E176-4F0B-A407-2F1B52C47D0C}.Release|Any CPU.ActiveCfg = Release|iPhone
		{57224E27-E176-4F0B-A407-2F1B52C47D0C}.Release|Any CPU.Build.0 = Release|iPhone
		{57224E27-E176-4F0B-A407-2F1B52C47D0C}.Release|Any CPU.Deploy.0 = Release|iPhone
		{57224E27-E176-4F0B-A407-2F1B52C47D0C}.Release|iPhone.ActiveCfg = Release|iPhone
		{57224E27-E176-4F0B-A407-2F1B52C47D0C}.Release|iPhone.Build.0 = Release|iPhone
		{57224E27-E176-4F0B-A407-2F1B52C47D0C}.Release|iPhone.Deploy.0 = Release|iPhone
		{57224E27-E176-4F0B-A407-2F1B52C47D0C}.Release|iPhoneSimulator.ActiveCfg = Release|iPhoneSimulator
		{57224E27-E176-4F0B-A407-2F1B52C47D0C}.Release|iPhoneSimulator.Build.0 = Release|iPhoneSimulator
		{57224E27-E176-4F0B-A407-2F1B52C47D0C}.Release|iPhoneSimulator.Deploy.0 = Release|iPhoneSimulator
		{B33426B0-F61F-4871-AA61-E60BEDF2F1D8}.Debug|Any CPU.ActiveCfg = Debug|Any CPU
		{B33426B0-F61F-4871-AA61-E60BEDF2F1D8}.Debug|Any CPU.Build.0 = Debug|Any CPU
		{B33426B0-F61F-4871-AA61-E60BEDF2F1D8}.Debug|Any CPU.Deploy.0 = Debug|Any CPU
		{B33426B0-F61F-4871-AA61-E60BEDF2F1D8}.Debug|iPhone.ActiveCfg = Debug|Any CPU
		{B33426B0-F61F-4871-AA61-E60BEDF2F1D8}.Debug|iPhone.Build.0 = Debug|Any CPU
		{B33426B0-F61F-4871-AA61-E60BEDF2F1D8}.Debug|iPhone.Deploy.0 = Debug|Any CPU
		{B33426B0-F61F-4871-AA61-E60BEDF2F1D8}.Debug|iPhoneSimulator.ActiveCfg = Debug|Any CPU
		{B33426B0-F61F-4871-AA61-E60BEDF2F1D8}.Debug|iPhoneSimulator.Build.0 = Debug|Any CPU
		{B33426B0-F61F-4871-AA61-E60BEDF2F1D8}.Debug|iPhoneSimulator.Deploy.0 = Debug|Any CPU
		{B33426B0-F61F-4871-AA61-E60BEDF2F1D8}.Release|Any CPU.ActiveCfg = Release|Any CPU
		{B33426B0-F61F-4871-AA61-E60BEDF2F1D8}.Release|Any CPU.Build.0 = Release|Any CPU
		{B33426B0-F61F-4871-AA61-E60BEDF2F1D8}.Release|Any CPU.Deploy.0 = Release|Any CPU
		{B33426B0-F61F-4871-AA61-E60BEDF2F1D8}.Release|iPhone.ActiveCfg = Release|Any CPU
		{B33426B0-F61F-4871-AA61-E60BEDF2F1D8}.Release|iPhone.Build.0 = Release|Any CPU
		{B33426B0-F61F-4871-AA61-E60BEDF2F1D8}.Release|iPhone.Deploy.0 = Release|Any CPU
		{B33426B0-F61F-4871-AA61-E60BEDF2F1D8}.Release|iPhoneSimulator.ActiveCfg = Release|Any CPU
		{B33426B0-F61F-4871-AA61-E60BEDF2F1D8}.Release|iPhoneSimulator.Build.0 = Release|Any CPU
		{B33426B0-F61F-4871-AA61-E60BEDF2F1D8}.Release|iPhoneSimulator.Deploy.0 = Release|Any CPU
	EndGlobalSection
	GlobalSection(SolutionProperties) = preSolution
		HideSolutionNode = FALSE
	EndGlobalSection
	GlobalSection(ExtensibilityGlobals) = postSolution
		SolutionGuid = {E7A2CC83-4895-4660-ABCC-C5FAEF135E27}
	EndGlobalSection
EndGlobal
